
Microsoft Visual Studio Solution File, Format Version 12.00
Project("{FAE04EC0-301F-11D3-BF4B-00C04F79EFBC}") = "WhoIsWhere", "WhoIsWhere\WhoIsWhere.csproj", "{CEF8DFCE-305B-4945-A2D4-BA54D9BA1FF7}"
EndProject
Project("{2150E333-8FDC-42A3-9474-1A3956D46DE8}") = "SolutionItems", "SolutionItems", "{79749408-F77A-4368-B253-BCF0F3EFD5EF}"
	ProjectSection(SolutionItems) = preProject
		Directory.Packages.props = Directory.Packages.props
		Directory.Build.props = Directory.Build.props
		global.json = global.json
	EndProjectSection
EndProject
Project("{FAE04EC0-301F-11D3-BF4B-00C04F79EFBC}") = "WhoIsWhere.Test", "WhoIsWhere.Test\WhoIsWhere.Test.csproj", "{9807EA45-9BD6-4D06-8368-A7535E0BE163}"
EndProject
Global
	GlobalSection(SolutionConfigurationPlatforms) = preSolution
		Debug|Any CPU = Debug|Any CPU
		Release|Any CPU = Release|Any CPU
	EndGlobalSection
	GlobalSection(ProjectConfigurationPlatforms) = postSolution
		{CEF8DFCE-305B-4945-A2D4-BA54D9BA1FF7}.Debug|Any CPU.ActiveCfg = Debug|Any CPU
		{CEF8DFCE-305B-4945-A2D4-BA54D9BA1FF7}.Debug|Any CPU.Build.0 = Debug|Any CPU
		{CEF8DFCE-305B-4945-A2D4-BA54D9BA1FF7}.Release|Any CPU.ActiveCfg = Release|Any CPU
		{CEF8DFCE-305B-4945-A2D4-BA54D9BA1FF7}.Release|Any CPU.Build.0 = Release|Any CPU
		{9807EA45-9BD6-4D06-8368-A7535E0BE163}.Debug|Any CPU.ActiveCfg = Debug|Any CPU
		{9807EA45-9BD6-4D06-8368-A7535E0BE163}.Debug|Any CPU.Build.0 = Debug|Any CPU
		{9807EA45-9BD6-4D06-8368-A7535E0BE163}.Release|Any CPU.ActiveCfg = Release|Any CPU
		{9807EA45-9BD6-4D06-8368-A7535E0BE163}.Release|Any CPU.Build.0 = Release|Any CPU
	EndGlobalSection
EndGlobal
